
Microsoft Visual Studio Solution File, Format Version 12.00
# Visual Studio Version 17
VisualStudioVersion = 17.14.36429.23 d17.14
MinimumVisualStudioVersion = 10.0.40219.1
Project("{FAE04EC0-301F-11D3-BF4B-00C04F79EFBC}") = "G-NET-20-ADVC#1", "G-NET-20-ADVC#1.csproj", "{C6DE4404-D4A9-4F83-BC8F-7A8F1A40AD0E}"
EndProject
Global
	GlobalSection(SolutionConfigurationPlatforms) = preSolution
		Debug|Any CPU = Debug|Any CPU
		Release|Any CPU = Release|Any CPU
	EndGlobalSection
	GlobalSection(ProjectConfigurationPlatforms) = postSolution
		{C6DE4404-D4A9-4F83-BC8F-7A8F1A40AD0E}.Debug|Any CPU.ActiveCfg = Debug|Any CPU
		{C6DE4404-D4A9-4F83-BC8F-7A8F1A40AD0E}.Debug|Any CPU.Build.0 = Debug|Any CPU
		{C6DE4404-D4A9-4F83-BC8F-7A8F1A40AD0E}.Release|Any CPU.ActiveCfg = Release|Any CPU
		{C6DE4404-D4A9-4F83-BC8F-7A8F1A40AD0E}.Release|Any CPU.Build.0 = Release|Any CPU
	EndGlobalSection
	GlobalSection(SolutionProperties) = preSolution
		HideSolutionNode = FALSE
	EndGlobalSection
	GlobalSection(ExtensibilityGlobals) = postSolution
		SolutionGuid = {6BDC043D-04CF-4F46-9F32-6072A3B298C6}
	EndGlobalSection
EndGlobal
